// !$*UTF8*$!
{
	archiveVersion = 1;
	classes = {
	};
	objectVersion = 46;
	objects = {

/* Begin PBXBuildFile section */
		D4CD902E1BE17ACA00DBA657 /* main.m in Sources */ = {isa = PBXBuildFile; fileRef = D4CD902D1BE17ACA00DBA657 /* main.m */; };
		D4CD90311BE17ACA00DBA657 /* AppDelegate.m in Sources */ = {isa = PBXBuildFile; fileRef = D4CD90301BE17ACA00DBA657 /* AppDelegate.m */; };
		D4CD90341BE17ACA00DBA657 /* ViewController.m in Sources */ = {isa = PBXBuildFile; fileRef = D4CD90331BE17ACA00DBA657 /* ViewController.m */; };
		D4CD90371BE17ACA00DBA657 /* Main.storyboard in Resources */ = {isa = PBXBuildFile; fileRef = D4CD90351BE17ACA00DBA657 /* Main.storyboard */; };
		D4CD90391BE17ACA00DBA657 /* Images.xcassets in Resources */ = {isa = PBXBuildFile; fileRef = D4CD90381BE17ACA00DBA657 /* Images.xcassets */; };
		D4CD903C1BE17ACA00DBA657 /* LaunchScreen.xib in Resources */ = {isa = PBXBuildFile; fileRef = D4CD903A1BE17ACA00DBA657 /* LaunchScreen.xib */; };
		D4CD90481BE17ACA00DBA657 /* AnyoneThere_Tests.m in Sources */ = {isa = PBXBuildFile; fileRef = D4CD90471BE17ACA00DBA657 /* AnyoneThere_Tests.m */; };
/* End PBXBuildFile section */

/* Begin PBXContainerItemProxy section */
		D4CD90421BE17ACA00DBA657 /* PBXContainerItemProxy */ = {
			isa = PBXContainerItemProxy;
			containerPortal = D4CD90201BE17ACA00DBA657 /* Project object */;
			proxyType = 1;
			remoteGlobalIDString = D4CD90271BE17ACA00DBA657;
			remoteInfo = "AnyoneThere?";
		};
/* End PBXContainerItemProxy section */

/* Begin PBXFileReference section */
		D4CD90281BE17ACA00DBA657 /* AnyoneThere?.app */ = {isa = PBXFileReference; explicitFileType = wrapper.application; includeInIndex = 0; path = "AnyoneThere?.app"; sourceTree = BUILT_PRODUCTS_DIR; };
		D4CD902C1BE17ACA00DBA657 /* Info.plist */ = {isa = PBXFileReference; lastKnownFileType = text.plist.xml; path = Info.plist; sourceTree = "<group>"; };
		D4CD902D1BE17ACA00DBA657 /* main.m */ = {isa = PBXFileReference; lastKnownFileType = sourcecode.c.objc; path = main.m; sourceTree = "<group>"; };
		D4CD902F1BE17ACA00DBA657 /* AppDelegate.h */ = {isa = PBXFileReference; lastKnownFileType = sourcecode.c.h; path = AppDelegate.h; sourceTree = "<group>"; };
		D4CD90301BE17ACA00DBA657 /* AppDelegate.m */ = {isa = PBXFileReference; lastKnownFileType = sourcecode.c.objc; path = AppDelegate.m; sourceTree = "<group>"; };
		D4CD90321BE17ACA00DBA657 /* ViewController.h */ = {isa = PBXFileReference; lastKnownFileType = sourcecode.c.h; path = ViewController.h; sourceTree = "<group>"; };
		D4CD90331BE17ACA00DBA657 /* ViewController.m */ = {isa = PBXFileReference; lastKnownFileType = sourcecode.c.objc; path = ViewController.m; sourceTree = "<group>"; };
		D4CD90361BE17ACA00DBA657 /* Base */ = {isa = PBXFileReference; lastKnownFileType = file.storyboard; name = Base; path = Base.lproj/Main.storyboard; sourceTree = "<group>"; };
		D4CD90381BE17ACA00DBA657 /* Images.xcassets */ = {isa = PBXFileReference; lastKnownFileType = folder.assetcatalog; path = Images.xcassets; sourceTree = "<group>"; };
		D4CD903B1BE17ACA00DBA657 /* Base */ = {isa = PBXFileReference; lastKnownFileType = file.xib; name = Base; path = Base.lproj/LaunchScreen.xib; sourceTree = "<group>"; };
		D4CD90411BE17ACA00DBA657 /* AnyoneThere?Tests.xctest */ = {isa = PBXFileReference; explicitFileType = wrapper.cfbundle; includeInIndex = 0; path = "AnyoneThere?Tests.xctest"; sourceTree = BUILT_PRODUCTS_DIR; };
		D4CD90461BE17ACA00DBA657 /* Info.plist */ = {isa = PBXFileReference; lastKnownFileType = text.plist.xml; path = Info.plist; sourceTree = "<group>"; };
		D4CD90471BE17ACA00DBA657 /* AnyoneThere_Tests.m */ = {isa = PBXFileReference; lastKnownFileType = sourcecode.c.objc; path = AnyoneThere_Tests.m; sourceTree = "<group>"; };
/* End PBXFileReference section */

/* Begin PBXFrameworksBuildPhase section */
		D4CD90251BE17ACA00DBA657 /* Frameworks */ = {
			isa = PBXFrameworksBuildPhase;
			buildActionMask = 2147483647;
			files = (
			);
			runOnlyForDeploymentPostprocessing = 0;
		};
		D4CD903E1BE17ACA00DBA657 /* Frameworks */ = {
			isa = PBXFrameworksBuildPhase;
			buildActionMask = 2147483647;
			files = (
			);
			runOnlyForDeploymentPostprocessing = 0;
		};
/* End PBXFrameworksBuildPhase section */

/* Begin PBXGroup section */
		D4CD901F1BE17ACA00DBA657 = {
			isa = PBXGroup;
			children = (
				D4CD902A1BE17ACA00DBA657 /* AnyoneThere? */,
				D4CD90441BE17ACA00DBA657 /* AnyoneThere?Tests */,
				D4CD90291BE17ACA00DBA657 /* Products */,
			);
			sourceTree = "<group>";
		};
		D4CD90291BE17ACA00DBA657 /* Products */ = {
			isa = PBXGroup;
			children = (
				D4CD90281BE17ACA00DBA657 /* AnyoneThere?.app */,
				D4CD90411BE17ACA00DBA657 /* AnyoneThere?Tests.xctest */,
			);
			name = Products;
			sourceTree = "<group>";
		};
		D4CD902A1BE17ACA00DBA657 /* AnyoneThere? */ = {
			isa = PBXGroup;
			children = (
				D4CD902F1BE17ACA00DBA657 /* AppDelegate.h */,
				D4CD90301BE17ACA00DBA657 /* AppDelegate.m */,
				D4CD90321BE17ACA00DBA657 /* ViewController.h */,
				D4CD90331BE17ACA00DBA657 /* ViewController.m */,
				D4CD90351BE17ACA00DBA657 /* Main.storyboard */,
				D4CD90381BE17ACA00DBA657 /* Images.xcassets */,
				D4CD903A1BE17ACA00DBA657 /* LaunchScreen.xib */,
				D4CD902B1BE17ACA00DBA657 /* Supporting Files */,
			);
			path = "AnyoneThere?";
			sourceTree = "<group>";
		};
		D4CD902B1BE17ACA00DBA657 /* Supporting Files */ = {
			isa = PBXGroup;
			children = (
				D4CD902C1BE17ACA00DBA657 /* Info.plist */,
				D4CD902D1BE17ACA00DBA657 /* main.m */,
			);
			name = "Supporting Files";
			sourceTree = "<group>";
		};
		D4CD90441BE17ACA00DBA657 /* AnyoneThere?Tests */ = {
			isa = PBXGroup;
			children = (
				D4CD90471BE17ACA00DBA657 /* AnyoneThere_Tests.m */,
				D4CD90451BE17ACA00DBA657 /* Supporting Files */,
			);
			path = "AnyoneThere?Tests";
			sourceTree = "<group>";
		};
		D4CD90451BE17ACA00DBA657 /* Supporting Files */ = {
			isa = PBXGroup;
			children = (
				D4CD90461BE17ACA00DBA657 /* Info.plist */,
			);
			name = "Supporting Files";
			sourceTree = "<group>";
		};
/* End PBXGroup section */

/* Begin PBXNativeTarget section */
		D4CD90271BE17ACA00DBA657 /* AnyoneThere? */ = {
			isa = PBXNativeTarget;
			buildConfigurationList = D4CD904B1BE17ACA00DBA657 /* Build configuration list for PBXNativeTarget "AnyoneThere?" */;
			buildPhases = (
				D4CD90241BE17ACA00DBA657 /* Sources */,
				D4CD90251BE17ACA00DBA657 /* Frameworks */,
				D4CD90261BE17ACA00DBA657 /* Resources */,
			);
			buildRules = (
			);
			dependencies = (
			);
			name = "AnyoneThere?";
			productName = "AnyoneThere?";
			productReference = D4CD90281BE17ACA00DBA657 /* AnyoneThere?.app */;
			productType = "com.apple.product-type.application";
		};
		D4CD90401BE17ACA00DBA657 /* AnyoneThere?Tests */ = {
			isa = PBXNativeTarget;
			buildConfigurationList = D4CD904E1BE17ACA00DBA657 /* Build configuration list for PBXNativeTarget "AnyoneThere?Tests" */;
			buildPhases = (
				D4CD903D1BE17ACA00DBA657 /* Sources */,
				D4CD903E1BE17ACA00DBA657 /* Frameworks */,
				D4CD903F1BE17ACA00DBA657 /* Resources */,
			);
			buildRules = (
			);
			dependencies = (
				D4CD90431BE17ACA00DBA657 /* PBXTargetDependency */,
			);
			name = "AnyoneThere?Tests";
			productName = "AnyoneThere?Tests";
			productReference = D4CD90411BE17ACA00DBA657 /* AnyoneThere?Tests.xctest */;
			productType = "com.apple.product-type.bundle.unit-test";
		};
/* End PBXNativeTarget section */

/* Begin PBXProject section */
		D4CD90201BE17ACA00DBA657 /* Project object */ = {
			isa = PBXProject;
			attributes = {
				LastUpgradeCheck = 0640;
				ORGANIZATIONNAME = "Robert von Stange";
				TargetAttributes = {
					D4CD90271BE17ACA00DBA657 = {
						CreatedOnToolsVersion = 6.4;
					};
					D4CD90401BE17ACA00DBA657 = {
						CreatedOnToolsVersion = 6.4;
						TestTargetID = D4CD90271BE17ACA00DBA657;
					};
				};
			};
			buildConfigurationList = D4CD90231BE17ACA00DBA657 /* Build configuration list for PBXProject "AnyoneThere?" */;
			compatibilityVersion = "Xcode 3.2";
			developmentRegion = English;
			hasScannedForEncodings = 0;
			knownRegions = (
				en,
				Base,
			);
			mainGroup = D4CD901F1BE17ACA00DBA657;
			productRefGroup = D4CD90291BE17ACA00DBA657 /* Products */;
			projectDirPath = "";
			projectRoot = "";
			targets = (
				D4CD90271BE17ACA00DBA657 /* AnyoneThere? */,
				D4CD90401BE17ACA00DBA657 /* AnyoneThere?Tests */,
			);
		};
/* End PBXProject section */

/* Begin PBXResourcesBuildPhase section */
		D4CD90261BE17ACA00DBA657 /* Resources */ = {
			isa = PBXResourcesBuildPhase;
			buildActionMask = 2147483647;
			files = (
				D4CD90371BE17ACA00DBA657 /* Main.storyboard in Resources */,
				D4CD903C1BE17ACA00DBA657 /* LaunchScreen.xib in Resources */,
				D4CD90391BE17ACA00DBA657 /* Images.xcassets in Resources */,
			);
			runOnlyForDeploymentPostprocessing = 0;
		};
		D4CD903F1BE17ACA00DBA657 /* Resources */ = {
			isa = PBXResourcesBuildPhase;
			buildActionMask = 2147483647;
			files = (
			);
			runOnlyForDeploymentPostprocessing = 0;
		};
/* End PBXResourcesBuildPhase section */

/* Begin PBXSourcesBuildPhase section */
		D4CD90241BE17ACA00DBA657 /* Sources */ = {
			isa = PBXSourcesBuildPhase;
			buildActionMask = 2147483647;
			files = (
				D4CD90341BE17ACA00DBA657 /* ViewController.m in Sources */,
				D4CD90311BE17ACA00DBA657 /* AppDelegate.m in Sources */,
				D4CD902E1BE17ACA00DBA657 /* main.m in Sources */,
			);
			runOnlyForDeploymentPostprocessing = 0;
		};
		D4CD903D1BE17ACA00DBA657 /* Sources */ = {
			isa = PBXSourcesBuildPhase;
			buildActionMask = 2147483647;
			files = (
				D4CD90481BE17ACA00DBA657 /* AnyoneThere_Tests.m in Sources */,
			);
			runOnlyForDeploymentPostprocessing = 0;
		};
/* End PBXSourcesBuildPhase section */

/* Begin PBXTargetDependency section */
		D4CD90431BE17ACA00DBA657 /* PBXTargetDependency */ = {
			isa = PBXTargetDependency;
			target = D4CD90271BE17ACA00DBA657 /* AnyoneThere? */;
			targetProxy = D4CD90421BE17ACA00DBA657 /* PBXContainerItemProxy */;
		};
/* End PBXTargetDependency section */

/* Begin PBXVariantGroup section */
		D4CD90351BE17ACA00DBA657 /* Main.storyboard */ = {
			isa = PBXVariantGroup;
			children = (
				D4CD90361BE17ACA00DBA657 /* Base */,
			);
			name = Main.storyboard;
			sourceTree = "<group>";
		};
		D4CD903A1BE17ACA00DBA657 /* LaunchScreen.xib */ = {
			isa = PBXVariantGroup;
			children = (
				D4CD903B1BE17ACA00DBA657 /* Base */,
			);
			name = LaunchScreen.xib;
			sourceTree = "<group>";
		};
/* End PBXVariantGroup section */

/* Begin XCBuildConfiguration section */
		D4CD90491BE17ACA00DBA657 /* Debug */ = {
			isa = XCBuildConfiguration;
			buildSettings = {
				ALWAYS_SEARCH_USER_PATHS = NO;
				CLANG_CXX_LANGUAGE_STANDARD = "gnu++0x";
				CLANG_CXX_LIBRARY = "libc++";
				CLANG_ENABLE_MODULES = YES;
				CLANG_ENABLE_OBJC_ARC = YES;
				CLANG_WARN_BOOL_CONVERSION = YES;
				CLANG_WARN_CONSTANT_CONVERSION = YES;
				CLANG_WARN_DIRECT_OBJC_ISA_USAGE = YES_ERROR;
				CLANG_WARN_EMPTY_BODY = YES;
				CLANG_WARN_ENUM_CONVERSION = YES;
				CLANG_WARN_INT_CONVERSION = YES;
				CLANG_WARN_OBJC_ROOT_CLASS = YES_ERROR;
				CLANG_WARN_UNREACHABLE_CODE = YES;
				CLANG_WARN__DUPLICATE_METHOD_MATCH = YES;
				"CODE_SIGN_IDENTITY[sdk=iphoneos*]" = "iPhone Developer";
				COPY_PHASE_STRIP = NO;
				DEBUG_INFORMATION_FORMAT = "dwarf-with-dsym";
				ENABLE_STRICT_OBJC_MSGSEND = YES;
				GCC_C_LANGUAGE_STANDARD = gnu99;
				GCC_DYNAMIC_NO_PIC = NO;
				GCC_NO_COMMON_BLOCKS = YES;
				GCC_OPTIMIZATION_LEVEL = 0;
				GCC_PREPROCESSOR_DEFINITIONS = (
					"DEBUG=1",
					"$(inherited)",
				);
				GCC_SYMBOLS_PRIVATE_EXTERN = NO;
				GCC_WARN_64_TO_32_BIT_CONVERSION = YES;
				GCC_WARN_ABOUT_RETURN_TYPE = YES_ERROR;
				GCC_WARN_UNDECLARED_SELECTOR = YES;
				GCC_WARN_UNINITIALIZED_AUTOS = YES_AGGRESSIVE;
				GCC_WARN_UNUSED_FUNCTION = YES;
				GCC_WARN_UNUSED_VARIABLE = YES;
				IPHONEOS_DEPLOYMENT_TARGET = 8.4;
				MTL_ENABLE_DEBUG_INFO = YES;
				ONLY_ACTIVE_ARCH = YES;
				SDKROOT = iphoneos;
				TARGETED_DEVICE_FAMILY = "1,2";
			};
			name = Debug;
		};
		D4CD904A1BE17ACA00DBA657 /* Release */ = {
			isa = XCBuildConfiguration;
			buildSettings = {
				ALWAYS_SEARCH_USER_PATHS = NO;
				CLANG_CXX_LANGUAGE_STANDARD = "gnu++0x";
				CLANG_CXX_LIBRARY = "libc++";
				CLANG_ENABLE_MODULES = YES;
				CLANG_ENABLE_OBJC_ARC = YES;
				CLANG_WARN_BOOL_CONVERSION = YES;
				CLANG_WARN_CONSTANT_CONVERSION = YES;
				CLANG_WARN_DIRECT_OBJC_ISA_USAGE = YES_ERROR;
				CLANG_WARN_EMPTY_BODY = YES;
				CLANG_WARN_ENUM_CONVERSION = YES;
				CLANG_WARN_INT_CONVERSION = YES;
				CLANG_WARN_OBJC_ROOT_CLASS = YES_ERROR;
				CLANG_WARN_UNREACHABLE_CODE = YES;
				CLANG_WARN__DUPLICATE_METHOD_MATCH = YES;
				"CODE_SIGN_IDENTITY[sdk=iphoneos*]" = "iPhone Developer";
				COPY_PHASE_STRIP = NO;
				DEBUG_INFORMATION_FORMAT = "dwarf-with-dsym";
				ENABLE_NS_ASSERTIONS = NO;
				ENABLE_STRICT_OBJC_MSGSEND = YES;
				GCC_C_LANGUAGE_STANDARD = gnu99;
				GCC_NO_COMMON_BLOCKS = YES;
				GCC_WARN_64_TO_32_BIT_CONVERSION = YES;
				GCC_WARN_ABOUT_RETURN_TYPE = YES_ERROR;
				GCC_WARN_UNDECLARED_SELECTOR = YES;
				GCC_WARN_UNINITIALIZED_AUTOS = YES_AGGRESSIVE;
				GCC_WARN_UNUSED_FUNCTION = YES;
				GCC_WARN_UNUSED_VARIABLE = YES;
				IPHONEOS_DEPLOYMENT_TARGET = 8.4;
				MTL_ENABLE_DEBUG_INFO = NO;
				SDKROOT = iphoneos;
				TARGETED_DEVICE_FAMILY = "1,2";
				VALIDATE_PRODUCT = YES;
			};
			name = Release;
		};
		D4CD904C1BE17ACA00DBA657 /* Debug */ = {
			isa = XCBuildConfiguration;
			buildSettings = {
				ASSETCATALOG_COMPILER_APPICON_NAME = AppIcon;
				INFOPLIST_FILE = "AnyoneThere?/Info.plist";
				LD_RUNPATH_SEARCH_PATHS = "$(inherited) @executable_path/Frameworks";
				PRODUCT_NAME = "$(TARGET_NAME)";
			};
			name = Debug;
		};
		D4CD904D1BE17ACA00DBA657 /* Release */ = {
			isa = XCBuildConfiguration;
			buildSettings = {
				ASSETCATALOG_COMPILER_APPICON_NAME = AppIcon;
				INFOPLIST_FILE = "AnyoneThere?/Info.plist";
				LD_RUNPATH_SEARCH_PATHS = "$(inherited) @executable_path/Frameworks";
				PRODUCT_NAME = "$(TARGET_NAME)";
			};
			name = Release;
		};
		D4CD904F1BE17ACA00DBA657 /* Debug */ = {
			isa = XCBuildConfiguration;
			buildSettings = {
				BUNDLE_LOADER = "$(TEST_HOST)";
				FRAMEWORK_SEARCH_PATHS = (
					"$(SDKROOT)/Developer/Library/Frameworks",
					"$(inherited)",
				);
				GCC_PREPROCESSOR_DEFINITIONS = (
					"DEBUG=1",
					"$(inherited)",
				);
				INFOPLIST_FILE = "AnyoneThere?Tests/Info.plist";
				LD_RUNPATH_SEARCH_PATHS = "$(inherited) @executable_path/Frameworks @loader_path/Frameworks";
				PRODUCT_NAME = "$(TARGET_NAME)";
				TEST_HOST = "$(BUILT_PRODUCTS_DIR)/AnyoneThere?.app/AnyoneThere?";
			};
			name = Debug;
		};
		D4CD90501BE17ACA00DBA657 /* Release */ = {
			isa = XCBuildConfiguration;
			buildSettings = {
				BUNDLE_LOADER = "$(TEST_HOST)";
				FRAMEWORK_SEARCH_PATHS = (
					"$(SDKROOT)/Developer/Library/Frameworks",
					"$(inherited)",
				);
				INFOPLIST_FILE = "AnyoneThere?Tests/Info.plist";
				LD_RUNPATH_SEARCH_PATHS = "$(inherited) @executable_path/Frameworks @loader_path/Frameworks";
				PRODUCT_NAME = "$(TARGET_NAME)";
				TEST_HOST = "$(BUILT_PRODUCTS_DIR)/AnyoneThere?.app/AnyoneThere?";
			};
			name = Release;
		};
/* End XCBuildConfiguration section */

/* Begin XCConfigurationList section */
		D4CD90231BE17ACA00DBA657 /* Build configuration list for PBXProject "AnyoneThere?" */ = {
			isa = XCConfigurationList;
			buildConfigurations = (
				D4CD90491BE17ACA00DBA657 /* Debug */,
				D4CD904A1BE17ACA00DBA657 /* Release */,
			);
			defaultConfigurationIsVisible = 0;
			defaultConfigurationName = Release;
		};
		D4CD904B1BE17ACA00DBA657 /* Build configuration list for PBXNativeTarget "AnyoneThere?" */ = {
			isa = XCConfigurationList;
			buildConfigurations = (
				D4CD904C1BE17ACA00DBA657 /* Debug */,
				D4CD904D1BE17ACA00DBA657 /* Release */,
			);
			defaultConfigurationIsVisible = 0;
		};
		D4CD904E1BE17ACA00DBA657 /* Build configuration list for PBXNativeTarget "AnyoneThere?Tests" */ = {
			isa = XCConfigurationList;
			buildConfigurations = (
				D4CD904F1BE17ACA00DBA657 /* Debug */,
				D4CD90501BE17ACA00DBA657 /* Release */,
			);
			defaultConfigurationIsVisible = 0;
		};
/* End XCConfigurationList section */
	};
	rootObject = D4CD90201BE17ACA00DBA657 /* Project object */;
}
